# THIS IS AN AUTOGENERATED FILE. DO NOT EDIT THIS FILE DIRECTLY.
# yarn lockfile v1


"@types/bson@*":
  version "1.0.9"
  resolved "https://registry.yarnpkg.com/@types/bson/-/bson-1.0.9.tgz#0a042ac50d879c4a842a269586162e12010f6ebd"
  dependencies:
    "@types/node" "*"

"@types/commander@^2.12.2":
  version "2.12.2"
  resolved "https://registry.yarnpkg.com/@types/commander/-/commander-2.12.2.tgz#183041a23842d4281478fa5d23c5ca78e6fd08ae"
  dependencies:
    commander "*"

"@types/events@*":
  version "1.2.0"
  resolved "https://registry.yarnpkg.com/@types/events/-/events-1.2.0.tgz#81a6731ce4df43619e5c8c945383b3e62a89ea86"

"@types/mkdirp@^0.5.2":
  version "0.5.2"
  resolved "https://registry.yarnpkg.com/@types/mkdirp/-/mkdirp-0.5.2.tgz#503aacfe5cc2703d5484326b1b27efa67a339c1f"
  dependencies:
    "@types/node" "*"

"@types/mongodb@^3.0.23":
  version "3.0.23"
  resolved "https://registry.yarnpkg.com/@types/mongodb/-/mongodb-3.0.23.tgz#22885a5b6693d4957767d9124dd18bf9c269bce8"
  dependencies:
    "@types/bson" "*"
    "@types/events" "*"
    "@types/node" "*"

"@types/node@*", "@types/node@^10.5.1":
  version "10.5.1"
  resolved "https://registry.yarnpkg.com/@types/node/-/node-10.5.1.tgz#d578446f4abff5c0b49ade9b4e5274f6badaadfc"

"@types/promptly@^1.1.28":
  version "1.1.28"
  resolved "https://registry.yarnpkg.com/@types/promptly/-/promptly-1.1.28.tgz#9014e2f12acdea41e21009af4e39fe7b11fec8d1"
  dependencies:
    "@types/node" "*"

bson@~1.0.4:
  version "1.0.9"
  resolved "https://registry.yarnpkg.com/bson/-/bson-1.0.9.tgz#12319f8323b1254739b7c6bef8d3e89ae05a2f57"

commander@*, commander@^2.16.0:
  version "2.16.0"
  resolved "https://registry.yarnpkg.com/commander/-/commander-2.16.0.tgz#f16390593996ceb4f3eeb020b31d78528f7f8a50"

comment-json@^1.1.3:
  version "1.1.3"
  resolved "https://registry.yarnpkg.com/comment-json/-/comment-json-1.1.3.tgz#6986c3330fee0c4c9e00c2398cd61afa5d8f239e"
  dependencies:
    json-parser "^1.0.0"

esprima@^2.7.0:
  version "2.7.3"
  resolved "https://registry.yarnpkg.com/esprima/-/esprima-2.7.3.tgz#96e3b70d5779f6ad49cd032673d1c312767ba581"

json-parser@^1.0.0:
  version "1.1.5"
  resolved "https://registry.yarnpkg.com/json-parser/-/json-parser-1.1.5.tgz#e62ec5261d1a6a5fc20e812a320740c6d9005677"
  dependencies:
    esprima "^2.7.0"

minimist@0.0.8:
  version "0.0.8"
  resolved "https://registry.yarnpkg.com/minimist/-/minimist-0.0.8.tgz#857fcabfc3397d2625b8228262e86aa7a011b05d"

mkdirp@^0.5.1:
  version "0.5.1"
  resolved "https://registry.yarnpkg.com/mkdirp/-/mkdirp-0.5.1.tgz#30057438eac6cf7f8c4767f38648d6697d75c903"
  dependencies:
    minimist "0.0.8"

mongodb-core@3.1.0:
  version "3.1.0"
  resolved "https://registry.yarnpkg.com/mongodb-core/-/mongodb-core-3.1.0.tgz#af91f36fd560ed785f4e61e694432df4d3698aad"
  dependencies:
    bson "~1.0.4"
    require_optional "^1.0.1"
  optionalDependencies:
    saslprep "^1.0.0"

mongodb@^3.1.0:
  version "3.1.0"
  resolved "https://registry.yarnpkg.com/mongodb/-/mongodb-3.1.0.tgz#20cd836381a4d8a6b1c5a194bb9c8dde852163bb"
  dependencies:
    mongodb-core "3.1.0"

mute-stream@~0.0.4:
  version "0.0.7"
  resolved "https://registry.yarnpkg.com/mute-stream/-/mute-stream-0.0.7.tgz#3075ce93bc21b8fab43e1bc4da7e8115ed1e7bab"

pify@^3.0.0:
  version "3.0.0"
  resolved "https://registry.yarnpkg.com/pify/-/pify-3.0.0.tgz#e5a4acd2c101fdf3d9a4d07f0dbc4db49dd28176"

promptly@^3.0.3:
  version "3.0.3"
  resolved "https://registry.yarnpkg.com/promptly/-/promptly-3.0.3.tgz#e178f722e73d82c60d019462044bccfdd9872f42"
  dependencies:
    pify "^3.0.0"
    read "^1.0.4"

read@^1.0.4:
  version "1.0.7"
  resolved "https://registry.yarnpkg.com/read/-/read-1.0.7.tgz#b3da19bd052431a97671d44a42634adf710b40c4"
  dependencies:
    mute-stream "~0.0.4"

require_optional@^1.0.1:
  version "1.0.1"
  resolved "https://registry.yarnpkg.com/require_optional/-/require_optional-1.0.1.tgz#4cf35a4247f64ca3df8c2ef208cc494b1ca8fc2e"
  dependencies:
    resolve-from "^2.0.0"
    semver "^5.1.0"

resolve-from@^2.0.0:
  version "2.0.0"
  resolved "https://registry.yarnpkg.com/resolve-from/-/resolve-from-2.0.0.tgz#9480ab20e94ffa1d9e80a804c7ea147611966b57"

saslprep@^1.0.0:
  version "1.0.0"
  resolved "https://registry.yarnpkg.com/saslprep/-/saslprep-1.0.0.tgz#2c4968a0bfbf249530cd597bc62870ccd4b41a24"

semver@^5.1.0:
  version "5.5.0"
  resolved "https://registry.yarnpkg.com/semver/-/semver-5.5.0.tgz#dc4bbc7a6ca9d916dee5d43516f0092b58f7b8ab"
