# THIS IS AN AUTOGENERATED FILE. DO NOT EDIT THIS FILE DIRECTLY.
# yarn lockfile v1


"@types/commander@^2.12.2":
  version "2.12.2"
  resolved "https://registry.yarnpkg.com/@types/commander/-/commander-2.12.2.tgz#183041a23842d4281478fa5d23c5ca78e6fd08ae"
  dependencies:
    commander "*"

"@types/mkdirp@^0.5.2":
  version "0.5.2"
  resolved "https://registry.yarnpkg.com/@types/mkdirp/-/mkdirp-0.5.2.tgz#503aacfe5cc2703d5484326b1b27efa67a339c1f"
  dependencies:
    "@types/node" "*"

"@types/node@*", "@types/node@^10.5.1":
  version "10.5.1"
  resolved "https://registry.yarnpkg.com/@types/node/-/node-10.5.1.tgz#d578446f4abff5c0b49ade9b4e5274f6badaadfc"

commander@*, commander@^2.16.0:
  version "2.16.0"
  resolved "https://registry.yarnpkg.com/commander/-/commander-2.16.0.tgz#f16390593996ceb4f3eeb020b31d78528f7f8a50"

comment-json@^1.1.3:
  version "1.1.3"
  resolved "https://registry.yarnpkg.com/comment-json/-/comment-json-1.1.3.tgz#6986c3330fee0c4c9e00c2398cd61afa5d8f239e"
  dependencies:
    json-parser "^1.0.0"

esprima@^2.7.0:
  version "2.7.3"
  resolved "https://registry.yarnpkg.com/esprima/-/esprima-2.7.3.tgz#96e3b70d5779f6ad49cd032673d1c312767ba581"

json-parser@^1.0.0:
  version "1.1.5"
  resolved "https://registry.yarnpkg.com/json-parser/-/json-parser-1.1.5.tgz#e62ec5261d1a6a5fc20e812a320740c6d9005677"
  dependencies:
    esprima "^2.7.0"

minimist@0.0.8:
  version "0.0.8"
  resolved "https://registry.yarnpkg.com/minimist/-/minimist-0.0.8.tgz#857fcabfc3397d2625b8228262e86aa7a011b05d"

mkdirp@^0.5.1:
  version "0.5.1"
  resolved "https://registry.yarnpkg.com/mkdirp/-/mkdirp-0.5.1.tgz#30057438eac6cf7f8c4767f38648d6697d75c903"
  dependencies:
    minimist "0.0.8"
